
Microsoft Visual Studio Solution File, Format Version 12.00
# Visual Studio 15
VisualStudioVersion = 15.0.28307.539
MinimumVisualStudioVersion = 10.0.40219.1
Project("{FAE04EC0-301F-11D3-BF4B-00C04F79EFBC}") = "SampleEFCore", "SampleEFCore\SampleEFCore.csproj", "{75BBBAD0-7CE9-4DF1-A647-7BBD61B8DDD4}"
EndProject
Global
	GlobalSection(SolutionConfigurationPlatforms) = preSolution
		Debug|Any CPU = Debug|Any CPU
		Release|Any CPU = Release|Any CPU
	EndGlobalSection
	GlobalSection(ProjectConfigurationPlatforms) = postSolution
		{75BBBAD0-7CE9-4DF1-A647-7BBD61B8DDD4}.Debug|Any CPU.ActiveCfg = Debug|Any CPU
		{75BBBAD0-7CE9-4DF1-A647-7BBD61B8DDD4}.Debug|Any CPU.Build.0 = Debug|Any CPU
		{75BBBAD0-7CE9-4DF1-A647-7BBD61B8DDD4}.Release|Any CPU.ActiveCfg = Release|Any CPU
		{75BBBAD0-7CE9-4DF1-A647-7BBD61B8DDD4}.Release|Any CPU.Build.0 = Release|Any CPU
	EndGlobalSection
	GlobalSection(SolutionProperties) = preSolution
		HideSolutionNode = FALSE
	EndGlobalSection
	GlobalSection(ExtensibilityGlobals) = postSolution
		SolutionGuid = {1EDB1D92-C8E8-4C2C-8D28-D929320F5457}
	EndGlobalSection
EndGlobal
